// !$*UTF8*$!
{
	archiveVersion = 1;
	classes = {
	};
	objectVersion = 56;
	objects = {

/* Begin PBXBuildFile section */
		547955F32B8FC6B400F1C680 /* TouchdownApp.swift in Sources */ = {isa = PBXBuildFile; fileRef = 547955F22B8FC6B400F1C680 /* TouchdownApp.swift */; };
		547955F52B8FC6B400F1C680 /* ContentView.swift in Sources */ = {isa = PBXBuildFile; fileRef = 547955F42B8FC6B400F1C680 /* ContentView.swift */; };
		547955F72B8FC6B600F1C680 /* Assets.xcassets in Resources */ = {isa = PBXBuildFile; fileRef = 547955F62B8FC6B600F1C680 /* Assets.xcassets */; };
		547955FA2B8FC6B600F1C680 /* Preview Assets.xcassets in Resources */ = {isa = PBXBuildFile; fileRef = 547955F92B8FC6B600F1C680 /* Preview Assets.xcassets */; };
		547956042B8FC7D300F1C680 /* category.json in Resources */ = {isa = PBXBuildFile; fileRef = 547956002B8FC7D300F1C680 /* category.json */; };
		547956052B8FC7D300F1C680 /* product.json in Resources */ = {isa = PBXBuildFile; fileRef = 547956012B8FC7D300F1C680 /* product.json */; };
		547956062B8FC7D300F1C680 /* player.json in Resources */ = {isa = PBXBuildFile; fileRef = 547956022B8FC7D300F1C680 /* player.json */; };
		547956072B8FC7D300F1C680 /* brand.json in Resources */ = {isa = PBXBuildFile; fileRef = 547956032B8FC7D300F1C680 /* brand.json */; };
		547956102B8FC8AE00F1C680 /* Constants.swift in Sources */ = {isa = PBXBuildFile; fileRef = 5479560F2B8FC8AE00F1C680 /* Constants.swift */; };
		547956142B8FC94B00F1C680 /* FooterView.swift in Sources */ = {isa = PBXBuildFile; fileRef = 547956132B8FC94B00F1C680 /* FooterView.swift */; };
		547956162B8FCB4C00F1C680 /* NavigationBarView.swift in Sources */ = {isa = PBXBuildFile; fileRef = 547956152B8FCB4C00F1C680 /* NavigationBarView.swift */; };
		547956192B8FCC7A00F1C680 /* LogoView.swift in Sources */ = {isa = PBXBuildFile; fileRef = 547956182B8FCC7A00F1C680 /* LogoView.swift */; };
		5479561B2B8FCFF800F1C680 /* PlayerModel.swift in Sources */ = {isa = PBXBuildFile; fileRef = 5479561A2B8FCFF800F1C680 /* PlayerModel.swift */; };
		5479561D2B8FD03100F1C680 /* CodableBundleExtension.swift in Sources */ = {isa = PBXBuildFile; fileRef = 5479561C2B8FD03100F1C680 /* CodableBundleExtension.swift */; };
		5479561F2B8FD1BB00F1C680 /* FeaturedItemView.swift in Sources */ = {isa = PBXBuildFile; fileRef = 5479561E2B8FD1BB00F1C680 /* FeaturedItemView.swift */; };
		547956212B8FD25200F1C680 /* FeaturebTabView.swift in Sources */ = {isa = PBXBuildFile; fileRef = 547956202B8FD25200F1C680 /* FeaturebTabView.swift */; };
		547956232B8FD58C00F1C680 /* CategoryModel.swift in Sources */ = {isa = PBXBuildFile; fileRef = 547956222B8FD58C00F1C680 /* CategoryModel.swift */; };
		547956252B90F6FB00F1C680 /* CategoryItemView.swift in Sources */ = {isa = PBXBuildFile; fileRef = 547956242B90F6FB00F1C680 /* CategoryItemView.swift */; };
		547956272B90F95200F1C680 /* CategoryGridView.swift in Sources */ = {isa = PBXBuildFile; fileRef = 547956262B90F95200F1C680 /* CategoryGridView.swift */; };
		547956292B90FC8700F1C680 /* SectionView.swift in Sources */ = {isa = PBXBuildFile; fileRef = 547956282B90FC8700F1C680 /* SectionView.swift */; };
		5479562B2B90FE9F00F1C680 /* TitleView.swift in Sources */ = {isa = PBXBuildFile; fileRef = 5479562A2B90FE9F00F1C680 /* TitleView.swift */; };
		5479562D2B90FF5400F1C680 /* ProductModel.swift in Sources */ = {isa = PBXBuildFile; fileRef = 5479562C2B90FF5400F1C680 /* ProductModel.swift */; };
		5479562F2B90FFBB00F1C680 /* ProductItemView.swift in Sources */ = {isa = PBXBuildFile; fileRef = 5479562E2B90FFBB00F1C680 /* ProductItemView.swift */; };
		547956312B91020100F1C680 /* BrandModel.swift in Sources */ = {isa = PBXBuildFile; fileRef = 547956302B91020100F1C680 /* BrandModel.swift */; };
		547956332B91024F00F1C680 /* BrandItemView.swift in Sources */ = {isa = PBXBuildFile; fileRef = 547956322B91024F00F1C680 /* BrandItemView.swift */; };
		547956352B9102CF00F1C680 /* BrandGridView.swift in Sources */ = {isa = PBXBuildFile; fileRef = 547956342B9102CF00F1C680 /* BrandGridView.swift */; };
		547956372B91051A00F1C680 /* ProductDetailView.swift in Sources */ = {isa = PBXBuildFile; fileRef = 547956362B91051A00F1C680 /* ProductDetailView.swift */; };
		547956392B9105FB00F1C680 /* NavigationBarDetailView.swift in Sources */ = {isa = PBXBuildFile; fileRef = 547956382B9105FB00F1C680 /* NavigationBarDetailView.swift */; };
		5479563B2B9106FF00F1C680 /* HeaderDetailView.swift in Sources */ = {isa = PBXBuildFile; fileRef = 5479563A2B9106FF00F1C680 /* HeaderDetailView.swift */; };
		5479563D2B9107BF00F1C680 /* TopPartDetailView.swift in Sources */ = {isa = PBXBuildFile; fileRef = 5479563C2B9107BF00F1C680 /* TopPartDetailView.swift */; };
		5479563F2B91138200F1C680 /* CustomShape.swift in Sources */ = {isa = PBXBuildFile; fileRef = 5479563E2B91138200F1C680 /* CustomShape.swift */; };
		547956412B91152400F1C680 /* RatingsSizesDetailView.swift in Sources */ = {isa = PBXBuildFile; fileRef = 547956402B91152400F1C680 /* RatingsSizesDetailView.swift */; };
		547956432B91186D00F1C680 /* QuantityFavouriteDetailView.swift in Sources */ = {isa = PBXBuildFile; fileRef = 547956422B91186D00F1C680 /* QuantityFavouriteDetailView.swift */; };
		547956452B911ACA00F1C680 /* AddToCartDetailView.swift in Sources */ = {isa = PBXBuildFile; fileRef = 547956442B911ACA00F1C680 /* AddToCartDetailView.swift */; };
		547956472B911CF200F1C680 /* Shop.swift in Sources */ = {isa = PBXBuildFile; fileRef = 547956462B911CF200F1C680 /* Shop.swift */; };
/* End PBXBuildFile section */

/* Begin PBXFileReference section */
		547955EF2B8FC6B400F1C680 /* Touchdown.app */ = {isa = PBXFileReference; explicitFileType = wrapper.application; includeInIndex = 0; path = Touchdown.app; sourceTree = BUILT_PRODUCTS_DIR; };
		547955F22B8FC6B400F1C680 /* TouchdownApp.swift */ = {isa = PBXFileReference; lastKnownFileType = sourcecode.swift; path = TouchdownApp.swift; sourceTree = "<group>"; };
		547955F42B8FC6B400F1C680 /* ContentView.swift */ = {isa = PBXFileReference; lastKnownFileType = sourcecode.swift; path = ContentView.swift; sourceTree = "<group>"; };
		547955F62B8FC6B600F1C680 /* Assets.xcassets */ = {isa = PBXFileReference; lastKnownFileType = folder.assetcatalog; path = Assets.xcassets; sourceTree = "<group>"; };
		547955F92B8FC6B600F1C680 /* Preview Assets.xcassets */ = {isa = PBXFileReference; lastKnownFileType = folder.assetcatalog; path = "Preview Assets.xcassets"; sourceTree = "<group>"; };
		547956002B8FC7D300F1C680 /* category.json */ = {isa = PBXFileReference; fileEncoding = 4; lastKnownFileType = text.json; path = category.json; sourceTree = "<group>"; };
		547956012B8FC7D300F1C680 /* product.json */ = {isa = PBXFileReference; fileEncoding = 4; lastKnownFileType = text.json; path = product.json; sourceTree = "<group>"; };
		547956022B8FC7D300F1C680 /* player.json */ = {isa = PBXFileReference; fileEncoding = 4; lastKnownFileType = text.json; path = player.json; sourceTree = "<group>"; };
		547956032B8FC7D300F1C680 /* brand.json */ = {isa = PBXFileReference; fileEncoding = 4; lastKnownFileType = text.json; path = brand.json; sourceTree = "<group>"; };
		547956092B8FC81600F1C680 /* Info.plist */ = {isa = PBXFileReference; lastKnownFileType = text.plist; path = Info.plist; sourceTree = "<group>"; };
		5479560F2B8FC8AE00F1C680 /* Constants.swift */ = {isa = PBXFileReference; lastKnownFileType = sourcecode.swift; path = Constants.swift; sourceTree = "<group>"; };
		547956132B8FC94B00F1C680 /* FooterView.swift */ = {isa = PBXFileReference; lastKnownFileType = sourcecode.swift; path = FooterView.swift; sourceTree = "<group>"; };
		547956152B8FCB4C00F1C680 /* NavigationBarView.swift */ = {isa = PBXFileReference; lastKnownFileType = sourcecode.swift; path = NavigationBarView.swift; sourceTree = "<group>"; };
		547956182B8FCC7A00F1C680 /* LogoView.swift */ = {isa = PBXFileReference; lastKnownFileType = sourcecode.swift; path = LogoView.swift; sourceTree = "<group>"; };
		5479561A2B8FCFF800F1C680 /* PlayerModel.swift */ = {isa = PBXFileReference; lastKnownFileType = sourcecode.swift; path = PlayerModel.swift; sourceTree = "<group>"; };
		5479561C2B8FD03100F1C680 /* CodableBundleExtension.swift */ = {isa = PBXFileReference; lastKnownFileType = sourcecode.swift; path = CodableBundleExtension.swift; sourceTree = "<group>"; };
		5479561E2B8FD1BB00F1C680 /* FeaturedItemView.swift */ = {isa = PBXFileReference; lastKnownFileType = sourcecode.swift; path = FeaturedItemView.swift; sourceTree = "<group>"; };
		547956202B8FD25200F1C680 /* FeaturebTabView.swift */ = {isa = PBXFileReference; lastKnownFileType = sourcecode.swift; path = FeaturebTabView.swift; sourceTree = "<group>"; };
		547956222B8FD58C00F1C680 /* CategoryModel.swift */ = {isa = PBXFileReference; lastKnownFileType = sourcecode.swift; path = CategoryModel.swift; sourceTree = "<group>"; };
		547956242B90F6FB00F1C680 /* CategoryItemView.swift */ = {isa = PBXFileReference; lastKnownFileType = sourcecode.swift; path = CategoryItemView.swift; sourceTree = "<group>"; };
		547956262B90F95200F1C680 /* CategoryGridView.swift */ = {isa = PBXFileReference; lastKnownFileType = sourcecode.swift; path = CategoryGridView.swift; sourceTree = "<group>"; };
		547956282B90FC8700F1C680 /* SectionView.swift */ = {isa = PBXFileReference; lastKnownFileType = sourcecode.swift; path = SectionView.swift; sourceTree = "<group>"; };
		5479562A2B90FE9F00F1C680 /* TitleView.swift */ = {isa = PBXFileReference; lastKnownFileType = sourcecode.swift; path = TitleView.swift; sourceTree = "<group>"; };
		5479562C2B90FF5400F1C680 /* ProductModel.swift */ = {isa = PBXFileReference; lastKnownFileType = sourcecode.swift; path = ProductModel.swift; sourceTree = "<group>"; };
		5479562E2B90FFBB00F1C680 /* ProductItemView.swift */ = {isa = PBXFileReference; lastKnownFileType = sourcecode.swift; path = ProductItemView.swift; sourceTree = "<group>"; };
		547956302B91020100F1C680 /* BrandModel.swift */ = {isa = PBXFileReference; lastKnownFileType = sourcecode.swift; path = BrandModel.swift; sourceTree = "<group>"; };
		547956322B91024F00F1C680 /* BrandItemView.swift */ = {isa = PBXFileReference; lastKnownFileType = sourcecode.swift; path = BrandItemView.swift; sourceTree = "<group>"; };
		547956342B9102CF00F1C680 /* BrandGridView.swift */ = {isa = PBXFileReference; lastKnownFileType = sourcecode.swift; path = BrandGridView.swift; sourceTree = "<group>"; };
		547956362B91051A00F1C680 /* ProductDetailView.swift */ = {isa = PBXFileReference; lastKnownFileType = sourcecode.swift; path = ProductDetailView.swift; sourceTree = "<group>"; };
		547956382B9105FB00F1C680 /* NavigationBarDetailView.swift */ = {isa = PBXFileReference; lastKnownFileType = sourcecode.swift; path = NavigationBarDetailView.swift; sourceTree = "<group>"; };
		5479563A2B9106FF00F1C680 /* HeaderDetailView.swift */ = {isa = PBXFileReference; lastKnownFileType = sourcecode.swift; path = HeaderDetailView.swift; sourceTree = "<group>"; };
		5479563C2B9107BF00F1C680 /* TopPartDetailView.swift */ = {isa = PBXFileReference; lastKnownFileType = sourcecode.swift; path = TopPartDetailView.swift; sourceTree = "<group>"; };
		5479563E2B91138200F1C680 /* CustomShape.swift */ = {isa = PBXFileReference; lastKnownFileType = sourcecode.swift; path = CustomShape.swift; sourceTree = "<group>"; };
		547956402B91152400F1C680 /* RatingsSizesDetailView.swift */ = {isa = PBXFileReference; lastKnownFileType = sourcecode.swift; path = RatingsSizesDetailView.swift; sourceTree = "<group>"; };
		547956422B91186D00F1C680 /* QuantityFavouriteDetailView.swift */ = {isa = PBXFileReference; lastKnownFileType = sourcecode.swift; path = QuantityFavouriteDetailView.swift; sourceTree = "<group>"; };
		547956442B911ACA00F1C680 /* AddToCartDetailView.swift */ = {isa = PBXFileReference; lastKnownFileType = sourcecode.swift; path = AddToCartDetailView.swift; sourceTree = "<group>"; };
		547956462B911CF200F1C680 /* Shop.swift */ = {isa = PBXFileReference; lastKnownFileType = sourcecode.swift; path = Shop.swift; sourceTree = "<group>"; };
/* End PBXFileReference section */

/* Begin PBXFrameworksBuildPhase section */
		547955EC2B8FC6B400F1C680 /* Frameworks */ = {
			isa = PBXFrameworksBuildPhase;
			buildActionMask = 2147483647;
			files = (
			);
			runOnlyForDeploymentPostprocessing = 0;
		};
/* End PBXFrameworksBuildPhase section */

/* Begin PBXGroup section */
		547955E62B8FC6B400F1C680 = {
			isa = PBXGroup;
			children = (
				547955F12B8FC6B400F1C680 /* Touchdown */,
				547955F02B8FC6B400F1C680 /* Products */,
			);
			sourceTree = "<group>";
		};
		547955F02B8FC6B400F1C680 /* Products */ = {
			isa = PBXGroup;
			children = (
				547955EF2B8FC6B400F1C680 /* Touchdown.app */,
			);
			name = Products;
			sourceTree = "<group>";
		};
		547955F12B8FC6B400F1C680 /* Touchdown */ = {
			isa = PBXGroup;
			children = (
				5479560E2B8FC89800F1C680 /* Extension */,
				5479560D2B8FC89100F1C680 /* Utility */,
				5479560C2B8FC88C00F1C680 /* Model */,
				5479560B2B8FC87E00F1C680 /* App */,
				5479560A2B8FC87800F1C680 /* View */,
				547956092B8FC81600F1C680 /* Info.plist */,
				547955F62B8FC6B600F1C680 /* Assets.xcassets */,
				547956082B8FC7DD00F1C680 /* Data */,
				547955F82B8FC6B600F1C680 /* Preview Content */,
			);
			path = Touchdown;
			sourceTree = "<group>";
		};
		547955F82B8FC6B600F1C680 /* Preview Content */ = {
			isa = PBXGroup;
			children = (
				547955F92B8FC6B600F1C680 /* Preview Assets.xcassets */,
			);
			path = "Preview Content";
			sourceTree = "<group>";
		};
		547956082B8FC7DD00F1C680 /* Data */ = {
			isa = PBXGroup;
			children = (
				547956032B8FC7D300F1C680 /* brand.json */,
				547956002B8FC7D300F1C680 /* category.json */,
				547956022B8FC7D300F1C680 /* player.json */,
				547956012B8FC7D300F1C680 /* product.json */,
			);
			path = Data;
			sourceTree = "<group>";
		};
		5479560A2B8FC87800F1C680 /* View */ = {
			isa = PBXGroup;
			children = (
				547956122B8FC93D00F1C680 /* Detail */,
				547956112B8FC93400F1C680 /* Home */,
			);
			path = View;
			sourceTree = "<group>";
		};
		5479560B2B8FC87E00F1C680 /* App */ = {
			isa = PBXGroup;
			children = (
				547955F22B8FC6B400F1C680 /* TouchdownApp.swift */,
				547955F42B8FC6B400F1C680 /* ContentView.swift */,
				547956362B91051A00F1C680 /* ProductDetailView.swift */,
			);
			path = App;
			sourceTree = "<group>";
		};
		5479560C2B8FC88C00F1C680 /* Model */ = {
			isa = PBXGroup;
			children = (
				5479561A2B8FCFF800F1C680 /* PlayerModel.swift */,
				547956222B8FD58C00F1C680 /* CategoryModel.swift */,
				5479562C2B90FF5400F1C680 /* ProductModel.swift */,
				547956302B91020100F1C680 /* BrandModel.swift */,
			);
			path = Model;
			sourceTree = "<group>";
		};
		5479560D2B8FC89100F1C680 /* Utility */ = {
			isa = PBXGroup;
			children = (
				5479560F2B8FC8AE00F1C680 /* Constants.swift */,
				5479563E2B91138200F1C680 /* CustomShape.swift */,
				547956462B911CF200F1C680 /* Shop.swift */,
			);
			path = Utility;
			sourceTree = "<group>";
		};
		5479560E2B8FC89800F1C680 /* Extension */ = {
			isa = PBXGroup;
			children = (
				5479561C2B8FD03100F1C680 /* CodableBundleExtension.swift */,
			);
			path = Extension;
			sourceTree = "<group>";
		};
		547956112B8FC93400F1C680 /* Home */ = {
			isa = PBXGroup;
			children = (
				547956132B8FC94B00F1C680 /* FooterView.swift */,
				547956152B8FCB4C00F1C680 /* NavigationBarView.swift */,
				547956182B8FCC7A00F1C680 /* LogoView.swift */,
				5479561E2B8FD1BB00F1C680 /* FeaturedItemView.swift */,
				547956202B8FD25200F1C680 /* FeaturebTabView.swift */,
				547956242B90F6FB00F1C680 /* CategoryItemView.swift */,
				547956262B90F95200F1C680 /* CategoryGridView.swift */,
				547956282B90FC8700F1C680 /* SectionView.swift */,
				5479562A2B90FE9F00F1C680 /* TitleView.swift */,
				5479562E2B90FFBB00F1C680 /* ProductItemView.swift */,
				547956322B91024F00F1C680 /* BrandItemView.swift */,
				547956342B9102CF00F1C680 /* BrandGridView.swift */,
			);
			path = Home;
			sourceTree = "<group>";
		};
		547956122B8FC93D00F1C680 /* Detail */ = {
			isa = PBXGroup;
			children = (
				547956382B9105FB00F1C680 /* NavigationBarDetailView.swift */,
				5479563A2B9106FF00F1C680 /* HeaderDetailView.swift */,
				5479563C2B9107BF00F1C680 /* TopPartDetailView.swift */,
				547956402B91152400F1C680 /* RatingsSizesDetailView.swift */,
				547956422B91186D00F1C680 /* QuantityFavouriteDetailView.swift */,
				547956442B911ACA00F1C680 /* AddToCartDetailView.swift */,
			);
			path = Detail;
			sourceTree = "<group>";
		};
/* End PBXGroup section */

/* Begin PBXNativeTarget section */
		547955EE2B8FC6B400F1C680 /* Touchdown */ = {
			isa = PBXNativeTarget;
			buildConfigurationList = 547955FD2B8FC6B600F1C680 /* Build configuration list for PBXNativeTarget "Touchdown" */;
			buildPhases = (
				547955EB2B8FC6B400F1C680 /* Sources */,
				547955EC2B8FC6B400F1C680 /* Frameworks */,
				547955ED2B8FC6B400F1C680 /* Resources */,
			);
			buildRules = (
			);
			dependencies = (
			);
			name = Touchdown;
			productName = Touchdown;
			productReference = 547955EF2B8FC6B400F1C680 /* Touchdown.app */;
			productType = "com.apple.product-type.application";
		};
/* End PBXNativeTarget section */

/* Begin PBXProject section */
		547955E72B8FC6B400F1C680 /* Project object */ = {
			isa = PBXProject;
			attributes = {
				BuildIndependentTargetsInParallel = 1;
				LastSwiftUpdateCheck = 1520;
				LastUpgradeCheck = 1520;
				TargetAttributes = {
					547955EE2B8FC6B400F1C680 = {
						CreatedOnToolsVersion = 15.2;
					};
				};
			};
			buildConfigurationList = 547955EA2B8FC6B400F1C680 /* Build configuration list for PBXProject "Touchdown" */;
			compatibilityVersion = "Xcode 14.0";
			developmentRegion = en;
			hasScannedForEncodings = 0;
			knownRegions = (
				en,
				Base,
			);
			mainGroup = 547955E62B8FC6B400F1C680;
			productRefGroup = 547955F02B8FC6B400F1C680 /* Products */;
			projectDirPath = "";
			projectRoot = "";
			targets = (
				547955EE2B8FC6B400F1C680 /* Touchdown */,
			);
		};
/* End PBXProject section */

/* Begin PBXResourcesBuildPhase section */
		547955ED2B8FC6B400F1C680 /* Resources */ = {
			isa = PBXResourcesBuildPhase;
			buildActionMask = 2147483647;
			files = (
				547956062B8FC7D300F1C680 /* player.json in Resources */,
				547956042B8FC7D300F1C680 /* category.json in Resources */,
				547956052B8FC7D300F1C680 /* product.json in Resources */,
				547955FA2B8FC6B600F1C680 /* Preview Assets.xcassets in Resources */,
				547955F72B8FC6B600F1C680 /* Assets.xcassets in Resources */,
				547956072B8FC7D300F1C680 /* brand.json in Resources */,
			);
			runOnlyForDeploymentPostprocessing = 0;
		};
/* End PBXResourcesBuildPhase section */

/* Begin PBXSourcesBuildPhase section */
		547955EB2B8FC6B400F1C680 /* Sources */ = {
			isa = PBXSourcesBuildPhase;
			buildActionMask = 2147483647;
			files = (
				5479561D2B8FD03100F1C680 /* CodableBundleExtension.swift in Sources */,
				5479563B2B9106FF00F1C680 /* HeaderDetailView.swift in Sources */,
				5479563D2B9107BF00F1C680 /* TopPartDetailView.swift in Sources */,
				547955F52B8FC6B400F1C680 /* ContentView.swift in Sources */,
				547956192B8FCC7A00F1C680 /* LogoView.swift in Sources */,
				547956142B8FC94B00F1C680 /* FooterView.swift in Sources */,
				5479561F2B8FD1BB00F1C680 /* FeaturedItemView.swift in Sources */,
				5479562F2B90FFBB00F1C680 /* ProductItemView.swift in Sources */,
				547956452B911ACA00F1C680 /* AddToCartDetailView.swift in Sources */,
				547956352B9102CF00F1C680 /* BrandGridView.swift in Sources */,
				547956412B91152400F1C680 /* RatingsSizesDetailView.swift in Sources */,
				547955F32B8FC6B400F1C680 /* TouchdownApp.swift in Sources */,
				547956372B91051A00F1C680 /* ProductDetailView.swift in Sources */,
				547956392B9105FB00F1C680 /* NavigationBarDetailView.swift in Sources */,
				547956212B8FD25200F1C680 /* FeaturebTabView.swift in Sources */,
				547956272B90F95200F1C680 /* CategoryGridView.swift in Sources */,
				547956232B8FD58C00F1C680 /* CategoryModel.swift in Sources */,
				547956102B8FC8AE00F1C680 /* Constants.swift in Sources */,
				547956292B90FC8700F1C680 /* SectionView.swift in Sources */,
				547956332B91024F00F1C680 /* BrandItemView.swift in Sources */,
				547956252B90F6FB00F1C680 /* CategoryItemView.swift in Sources */,
				547956162B8FCB4C00F1C680 /* NavigationBarView.swift in Sources */,
				5479563F2B91138200F1C680 /* CustomShape.swift in Sources */,
				5479561B2B8FCFF800F1C680 /* PlayerModel.swift in Sources */,
				547956472B911CF200F1C680 /* Shop.swift in Sources */,
				547956312B91020100F1C680 /* BrandModel.swift in Sources */,
				5479562B2B90FE9F00F1C680 /* TitleView.swift in Sources */,
				547956432B91186D00F1C680 /* QuantityFavouriteDetailView.swift in Sources */,
				5479562D2B90FF5400F1C680 /* ProductModel.swift in Sources */,
			);
			runOnlyForDeploymentPostprocessing = 0;
		};
/* End PBXSourcesBuildPhase section */

/* Begin XCBuildConfiguration section */
		547955FB2B8FC6B600F1C680 /* Debug */ = {
			isa = XCBuildConfiguration;
			buildSettings = {
				ALWAYS_SEARCH_USER_PATHS = NO;
				ASSETCATALOG_COMPILER_GENERATE_SWIFT_ASSET_SYMBOL_EXTENSIONS = YES;
				CLANG_ANALYZER_NONNULL = YES;
				CLANG_ANALYZER_NUMBER_OBJECT_CONVERSION = YES_AGGRESSIVE;
				CLANG_CXX_LANGUAGE_STANDARD = "gnu++20";
				CLANG_ENABLE_MODULES = YES;
				CLANG_ENABLE_OBJC_ARC = YES;
				CLANG_ENABLE_OBJC_WEAK = YES;
				CLANG_WARN_BLOCK_CAPTURE_AUTORELEASING = YES;
				CLANG_WARN_BOOL_CONVERSION = YES;
				CLANG_WARN_COMMA = YES;
				CLANG_WARN_CONSTANT_CONVERSION = YES;
				CLANG_WARN_DEPRECATED_OBJC_IMPLEMENTATIONS = YES;
				CLANG_WARN_DIRECT_OBJC_ISA_USAGE = YES_ERROR;
				CLANG_WARN_DOCUMENTATION_COMMENTS = YES;
				CLANG_WARN_EMPTY_BODY = YES;
				CLANG_WARN_ENUM_CONVERSION = YES;
				CLANG_WARN_INFINITE_RECURSION = YES;
				CLANG_WARN_INT_CONVERSION = YES;
				CLANG_WARN_NON_LITERAL_NULL_CONVERSION = YES;
				CLANG_WARN_OBJC_IMPLICIT_RETAIN_SELF = YES;
				CLANG_WARN_OBJC_LITERAL_CONVERSION = YES;
				CLANG_WARN_OBJC_ROOT_CLASS = YES_ERROR;
				CLANG_WARN_QUOTED_INCLUDE_IN_FRAMEWORK_HEADER = YES;
				CLANG_WARN_RANGE_LOOP_ANALYSIS = YES;
				CLANG_WARN_STRICT_PROTOTYPES = YES;
				CLANG_WARN_SUSPICIOUS_MOVE = YES;
				CLANG_WARN_UNGUARDED_AVAILABILITY = YES_AGGRESSIVE;
				CLANG_WARN_UNREACHABLE_CODE = YES;
				CLANG_WARN__DUPLICATE_METHOD_MATCH = YES;
				COPY_PHASE_STRIP = NO;
				DEBUG_INFORMATION_FORMAT = dwarf;
				ENABLE_STRICT_OBJC_MSGSEND = YES;
				ENABLE_TESTABILITY = YES;
				ENABLE_USER_SCRIPT_SANDBOXING = YES;
				GCC_C_LANGUAGE_STANDARD = gnu17;
				GCC_DYNAMIC_NO_PIC = NO;
				GCC_NO_COMMON_BLOCKS = YES;
				GCC_OPTIMIZATION_LEVEL = 0;
				GCC_PREPROCESSOR_DEFINITIONS = (
					"DEBUG=1",
					"$(inherited)",
				);
				GCC_WARN_64_TO_32_BIT_CONVERSION = YES;
				GCC_WARN_ABOUT_RETURN_TYPE = YES_ERROR;
				GCC_WARN_UNDECLARED_SELECTOR = YES;
				GCC_WARN_UNINITIALIZED_AUTOS = YES_AGGRESSIVE;
				GCC_WARN_UNUSED_FUNCTION = YES;
				GCC_WARN_UNUSED_VARIABLE = YES;
				IPHONEOS_DEPLOYMENT_TARGET = 17.2;
				LOCALIZATION_PREFERS_STRING_CATALOGS = YES;
				MTL_ENABLE_DEBUG_INFO = INCLUDE_SOURCE;
				MTL_FAST_MATH = YES;
				ONLY_ACTIVE_ARCH = YES;
				SDKROOT = iphoneos;
				SWIFT_ACTIVE_COMPILATION_CONDITIONS = "DEBUG $(inherited)";
				SWIFT_OPTIMIZATION_LEVEL = "-Onone";
			};
			name = Debug;
		};
		547955FC2B8FC6B600F1C680 /* Release */ = {
			isa = XCBuildConfiguration;
			buildSettings = {
				ALWAYS_SEARCH_USER_PATHS = NO;
				ASSETCATALOG_COMPILER_GENERATE_SWIFT_ASSET_SYMBOL_EXTENSIONS = YES;
				CLANG_ANALYZER_NONNULL = YES;
				CLANG_ANALYZER_NUMBER_OBJECT_CONVERSION = YES_AGGRESSIVE;
				CLANG_CXX_LANGUAGE_STANDARD = "gnu++20";
				CLANG_ENABLE_MODULES = YES;
				CLANG_ENABLE_OBJC_ARC = YES;
				CLANG_ENABLE_OBJC_WEAK = YES;
				CLANG_WARN_BLOCK_CAPTURE_AUTORELEASING = YES;
				CLANG_WARN_BOOL_CONVERSION = YES;
				CLANG_WARN_COMMA = YES;
				CLANG_WARN_CONSTANT_CONVERSION = YES;
				CLANG_WARN_DEPRECATED_OBJC_IMPLEMENTATIONS = YES;
				CLANG_WARN_DIRECT_OBJC_ISA_USAGE = YES_ERROR;
				CLANG_WARN_DOCUMENTATION_COMMENTS = YES;
				CLANG_WARN_EMPTY_BODY = YES;
				CLANG_WARN_ENUM_CONVERSION = YES;
				CLANG_WARN_INFINITE_RECURSION = YES;
				CLANG_WARN_INT_CONVERSION = YES;
				CLANG_WARN_NON_LITERAL_NULL_CONVERSION = YES;
				CLANG_WARN_OBJC_IMPLICIT_RETAIN_SELF = YES;
				CLANG_WARN_OBJC_LITERAL_CONVERSION = YES;
				CLANG_WARN_OBJC_ROOT_CLASS = YES_ERROR;
				CLANG_WARN_QUOTED_INCLUDE_IN_FRAMEWORK_HEADER = YES;
				CLANG_WARN_RANGE_LOOP_ANALYSIS = YES;
				CLANG_WARN_STRICT_PROTOTYPES = YES;
				CLANG_WARN_SUSPICIOUS_MOVE = YES;
				CLANG_WARN_UNGUARDED_AVAILABILITY = YES_AGGRESSIVE;
				CLANG_WARN_UNREACHABLE_CODE = YES;
				CLANG_WARN__DUPLICATE_METHOD_MATCH = YES;
				COPY_PHASE_STRIP = NO;
				DEBUG_INFORMATION_FORMAT = "dwarf-with-dsym";
				ENABLE_NS_ASSERTIONS = NO;
				ENABLE_STRICT_OBJC_MSGSEND = YES;
				ENABLE_USER_SCRIPT_SANDBOXING = YES;
				GCC_C_LANGUAGE_STANDARD = gnu17;
				GCC_NO_COMMON_BLOCKS = YES;
				GCC_WARN_64_TO_32_BIT_CONVERSION = YES;
				GCC_WARN_ABOUT_RETURN_TYPE = YES_ERROR;
				GCC_WARN_UNDECLARED_SELECTOR = YES;
				GCC_WARN_UNINITIALIZED_AUTOS = YES_AGGRESSIVE;
				GCC_WARN_UNUSED_FUNCTION = YES;
				GCC_WARN_UNUSED_VARIABLE = YES;
				IPHONEOS_DEPLOYMENT_TARGET = 17.2;
				LOCALIZATION_PREFERS_STRING_CATALOGS = YES;
				MTL_ENABLE_DEBUG_INFO = NO;
				MTL_FAST_MATH = YES;
				SDKROOT = iphoneos;
				SWIFT_COMPILATION_MODE = wholemodule;
				VALIDATE_PRODUCT = YES;
			};
			name = Release;
		};
		547955FE2B8FC6B600F1C680 /* Debug */ = {
			isa = XCBuildConfiguration;
			buildSettings = {
				ASSETCATALOG_COMPILER_APPICON_NAME = AppIcon;
				ASSETCATALOG_COMPILER_GLOBAL_ACCENT_COLOR_NAME = AccentColor;
				CODE_SIGN_STYLE = Automatic;
				CURRENT_PROJECT_VERSION = 1;
				DEVELOPMENT_ASSET_PATHS = "\"Touchdown/Preview Content\"";
				ENABLE_PREVIEWS = YES;
				GENERATE_INFOPLIST_FILE = YES;
				INFOPLIST_FILE = Touchdown/Info.plist;
				INFOPLIST_KEY_UIApplicationSceneManifest_Generation = YES;
				INFOPLIST_KEY_UIApplicationSupportsIndirectInputEvents = YES;
				INFOPLIST_KEY_UISupportedInterfaceOrientations_iPad = "UIInterfaceOrientationPortrait UIInterfaceOrientationPortraitUpsideDown UIInterfaceOrientationLandscapeLeft UIInterfaceOrientationLandscapeRight";
				INFOPLIST_KEY_UISupportedInterfaceOrientations_iPhone = "UIInterfaceOrientationPortrait UIInterfaceOrientationLandscapeLeft UIInterfaceOrientationLandscapeRight";
				INFOPLIST_KEY_UIUserInterfaceStyle = Light;
				LD_RUNPATH_SEARCH_PATHS = (
					"$(inherited)",
					"@executable_path/Frameworks",
				);
				MARKETING_VERSION = 1.0;
				PRODUCT_BUNDLE_IDENTIFIER = com.learning.Touchdown;
				PRODUCT_NAME = "$(TARGET_NAME)";
				SWIFT_EMIT_LOC_STRINGS = YES;
				SWIFT_VERSION = 5.0;
				TARGETED_DEVICE_FAMILY = "1,2";
			};
			name = Debug;
		};
		547955FF2B8FC6B600F1C680 /* Release */ = {
			isa = XCBuildConfiguration;
			buildSettings = {
				ASSETCATALOG_COMPILER_APPICON_NAME = AppIcon;
				ASSETCATALOG_COMPILER_GLOBAL_ACCENT_COLOR_NAME = AccentColor;
				CODE_SIGN_STYLE = Automatic;
				CURRENT_PROJECT_VERSION = 1;
				DEVELOPMENT_ASSET_PATHS = "\"Touchdown/Preview Content\"";
				ENABLE_PREVIEWS = YES;
				GENERATE_INFOPLIST_FILE = YES;
				INFOPLIST_FILE = Touchdown/Info.plist;
				INFOPLIST_KEY_UIApplicationSceneManifest_Generation = YES;
				INFOPLIST_KEY_UIApplicationSupportsIndirectInputEvents = YES;
				INFOPLIST_KEY_UISupportedInterfaceOrientations_iPad = "UIInterfaceOrientationPortrait UIInterfaceOrientationPortraitUpsideDown UIInterfaceOrientationLandscapeLeft UIInterfaceOrientationLandscapeRight";
				INFOPLIST_KEY_UISupportedInterfaceOrientations_iPhone = "UIInterfaceOrientationPortrait UIInterfaceOrientationLandscapeLeft UIInterfaceOrientationLandscapeRight";
				INFOPLIST_KEY_UIUserInterfaceStyle = Light;
				LD_RUNPATH_SEARCH_PATHS = (
					"$(inherited)",
					"@executable_path/Frameworks",
				);
				MARKETING_VERSION = 1.0;
				PRODUCT_BUNDLE_IDENTIFIER = com.learning.Touchdown;
				PRODUCT_NAME = "$(TARGET_NAME)";
				SWIFT_EMIT_LOC_STRINGS = YES;
				SWIFT_VERSION = 5.0;
				TARGETED_DEVICE_FAMILY = "1,2";
			};
			name = Release;
		};
/* End XCBuildConfiguration section */

/* Begin XCConfigurationList section */
		547955EA2B8FC6B400F1C680 /* Build configuration list for PBXProject "Touchdown" */ = {
			isa = XCConfigurationList;
			buildConfigurations = (
				547955FB2B8FC6B600F1C680 /* Debug */,
				547955FC2B8FC6B600F1C680 /* Release */,
			);
			defaultConfigurationIsVisible = 0;
			defaultConfigurationName = Release;
		};
		547955FD2B8FC6B600F1C680 /* Build configuration list for PBXNativeTarget "Touchdown" */ = {
			isa = XCConfigurationList;
			buildConfigurations = (
				547955FE2B8FC6B600F1C680 /* Debug */,
				547955FF2B8FC6B600F1C680 /* Release */,
			);
			defaultConfigurationIsVisible = 0;
			defaultConfigurationName = Release;
		};
/* End XCConfigurationList section */
	};
	rootObject = 547955E72B8FC6B400F1C680 /* Project object */;
}
